
Microsoft Visual Studio Solution File, Format Version 12.00
# Visual Studio Version 16
VisualStudioVersion = 16.0.33214.272
MinimumVisualStudioVersion = 10.0.40219.1
Project("{FAE04EC0-301F-11D3-BF4B-00C04F79EFBC}") = "Prepa 02", "Prepa 02\Prepa 02.csproj", "{32235F2E-10F3-458B-9009-CEB2CC601796}"
EndProject
Global
	GlobalSection(SolutionConfigurationPlatforms) = preSolution
		Debug|Any CPU = Debug|Any CPU
		Release|Any CPU = Release|Any CPU
	EndGlobalSection
	GlobalSection(ProjectConfigurationPlatforms) = postSolution
		{32235F2E-10F3-458B-9009-CEB2CC601796}.Debug|Any CPU.ActiveCfg = Debug|Any CPU
		{32235F2E-10F3-458B-9009-CEB2CC601796}.Debug|Any CPU.Build.0 = Debug|Any CPU
		{32235F2E-10F3-458B-9009-CEB2CC601796}.Release|Any CPU.ActiveCfg = Release|Any CPU
		{32235F2E-10F3-458B-9009-CEB2CC601796}.Release|Any CPU.Build.0 = Release|Any CPU
	EndGlobalSection
	GlobalSection(SolutionProperties) = preSolution
		HideSolutionNode = FALSE
	EndGlobalSection
	GlobalSection(ExtensibilityGlobals) = postSolution
		SolutionGuid = {FCA71C08-E2DE-4348-B0F5-519576656C27}
	EndGlobalSection
EndGlobal
